// !$*UTF8*$!
{
	archiveVersion = 1;
	classes = {
	};
	objectVersion = 46;
	objects = {

/* Begin PBXBuildFile section */
		6A5F36941A8C29CF0034CBA8 /* AppDelegate.swift in Sources */ = {isa = PBXBuildFile; fileRef = 6A5F36931A8C29CF0034CBA8 /* AppDelegate.swift */; };
		6A5F369B1A8C29CF0034CBA8 /* Images.xcassets in Resources */ = {isa = PBXBuildFile; fileRef = 6A5F369A1A8C29CF0034CBA8 /* Images.xcassets */; };
		6A5F36AA1A8C29CF0034CBA8 /* MoviePaintTests.swift in Sources */ = {isa = PBXBuildFile; fileRef = 6A5F36A91A8C29CF0034CBA8 /* MoviePaintTests.swift */; };
		6A5F36B41A8C2A380034CBA8 /* PaintView.swift in Sources */ = {isa = PBXBuildFile; fileRef = 6A5F36B31A8C2A380034CBA8 /* PaintView.swift */; };
		6A5F36B61A8C2BEA0034CBA8 /* PaintViewController.swift in Sources */ = {isa = PBXBuildFile; fileRef = 6A5F36B51A8C2BEA0034CBA8 /* PaintViewController.swift */; };
		6A5F36B81A8C2C060034CBA8 /* Drawing.swift in Sources */ = {isa = PBXBuildFile; fileRef = 6A5F36B71A8C2C060034CBA8 /* Drawing.swift */; };
		BCDA85061A92702D0022FB5D /* ChooserSubviewManager.swift in Sources */ = {isa = PBXBuildFile; fileRef = BCDA85041A92702D0022FB5D /* ChooserSubviewManager.swift */; };
		BCDA85071A92702D0022FB5D /* ValueSlider.swift in Sources */ = {isa = PBXBuildFile; fileRef = BCDA85051A92702D0022FB5D /* ValueSlider.swift */; };
		BCDA850D1A9276670022FB5D /* ColorChooserController.swift in Sources */ = {isa = PBXBuildFile; fileRef = BCDA850C1A9276670022FB5D /* ColorChooserController.swift */; };
		BCDA85161A927BE70022FB5D /* checkerboard.png in Resources */ = {isa = PBXBuildFile; fileRef = BCDA85181A927BE70022FB5D /* checkerboard.png */; };
/* End PBXBuildFile section */

/* Begin PBXContainerItemProxy section */
		6A5F36A41A8C29CF0034CBA8 /* PBXContainerItemProxy */ = {
			isa = PBXContainerItemProxy;
			containerPortal = 6A5F36861A8C29CE0034CBA8 /* Project object */;
			proxyType = 1;
			remoteGlobalIDString = 6A5F368D1A8C29CE0034CBA8;
			remoteInfo = MoviePaint;
		};
/* End PBXContainerItemProxy section */

/* Begin PBXFileReference section */
		6A5F368E1A8C29CE0034CBA8 /* MoviePaint.app */ = {isa = PBXFileReference; explicitFileType = wrapper.application; includeInIndex = 0; path = MoviePaint.app; sourceTree = BUILT_PRODUCTS_DIR; };
		6A5F36921A8C29CF0034CBA8 /* Info.plist */ = {isa = PBXFileReference; lastKnownFileType = text.plist.xml; path = Info.plist; sourceTree = "<group>"; };
		6A5F36931A8C29CF0034CBA8 /* AppDelegate.swift */ = {isa = PBXFileReference; lastKnownFileType = sourcecode.swift; path = AppDelegate.swift; sourceTree = "<group>"; };
		6A5F369A1A8C29CF0034CBA8 /* Images.xcassets */ = {isa = PBXFileReference; lastKnownFileType = folder.assetcatalog; path = Images.xcassets; sourceTree = "<group>"; };
		6A5F36A31A8C29CF0034CBA8 /* MoviePaintTests.xctest */ = {isa = PBXFileReference; explicitFileType = wrapper.cfbundle; includeInIndex = 0; path = MoviePaintTests.xctest; sourceTree = BUILT_PRODUCTS_DIR; };
		6A5F36A81A8C29CF0034CBA8 /* Info.plist */ = {isa = PBXFileReference; lastKnownFileType = text.plist.xml; path = Info.plist; sourceTree = "<group>"; };
		6A5F36A91A8C29CF0034CBA8 /* MoviePaintTests.swift */ = {isa = PBXFileReference; lastKnownFileType = sourcecode.swift; path = MoviePaintTests.swift; sourceTree = "<group>"; };
		6A5F36B31A8C2A380034CBA8 /* PaintView.swift */ = {isa = PBXFileReference; fileEncoding = 4; lastKnownFileType = sourcecode.swift; path = PaintView.swift; sourceTree = "<group>"; };
		6A5F36B51A8C2BEA0034CBA8 /* PaintViewController.swift */ = {isa = PBXFileReference; fileEncoding = 4; lastKnownFileType = sourcecode.swift; path = PaintViewController.swift; sourceTree = "<group>"; };
		6A5F36B71A8C2C060034CBA8 /* Drawing.swift */ = {isa = PBXFileReference; fileEncoding = 4; lastKnownFileType = sourcecode.swift; path = Drawing.swift; sourceTree = "<group>"; };
		BCDA85041A92702D0022FB5D /* ChooserSubviewManager.swift */ = {isa = PBXFileReference; fileEncoding = 4; lastKnownFileType = sourcecode.swift; path = ChooserSubviewManager.swift; sourceTree = "<group>"; };
		BCDA85051A92702D0022FB5D /* ValueSlider.swift */ = {isa = PBXFileReference; fileEncoding = 4; lastKnownFileType = sourcecode.swift; path = ValueSlider.swift; sourceTree = "<group>"; };
		BCDA850C1A9276670022FB5D /* ColorChooserController.swift */ = {isa = PBXFileReference; fileEncoding = 4; lastKnownFileType = sourcecode.swift; path = ColorChooserController.swift; sourceTree = "<group>"; };
		BCDA85171A927BE70022FB5D /* Base */ = {isa = PBXFileReference; lastKnownFileType = image.png; name = Base; path = Base.lproj/checkerboard.png; sourceTree = "<group>"; };
/* End PBXFileReference section */

/* Begin PBXFrameworksBuildPhase section */
		6A5F368B1A8C29CE0034CBA8 /* Frameworks */ = {
			isa = PBXFrameworksBuildPhase;
			buildActionMask = 2147483647;
			files = (
			);
			runOnlyForDeploymentPostprocessing = 0;
		};
		6A5F36A01A8C29CF0034CBA8 /* Frameworks */ = {
			isa = PBXFrameworksBuildPhase;
			buildActionMask = 2147483647;
			files = (
			);
			runOnlyForDeploymentPostprocessing = 0;
		};
/* End PBXFrameworksBuildPhase section */

/* Begin PBXGroup section */
		6A5F36851A8C29CE0034CBA8 = {
			isa = PBXGroup;
			children = (
				6A5F36901A8C29CE0034CBA8 /* MoviePaint */,
				6A5F36A61A8C29CF0034CBA8 /* MoviePaintTests */,
				6A5F368F1A8C29CE0034CBA8 /* Products */,
			);
			sourceTree = "<group>";
		};
		6A5F368F1A8C29CE0034CBA8 /* Products */ = {
			isa = PBXGroup;
			children = (
				6A5F368E1A8C29CE0034CBA8 /* MoviePaint.app */,
				6A5F36A31A8C29CF0034CBA8 /* MoviePaintTests.xctest */,
			);
			name = Products;
			sourceTree = "<group>";
		};
		6A5F36901A8C29CE0034CBA8 /* MoviePaint */ = {
			isa = PBXGroup;
			children = (
				BCDA850E1A9278710022FB5D /* Assets */,
				BCDA85081A92703E0022FB5D /* Application */,
				BCDA850B1A9270590022FB5D /* Models */,
				BCDA850A1A9270500022FB5D /* Views */,
				BCDA85091A9270490022FB5D /* Controllers */,
				6A5F369A1A8C29CF0034CBA8 /* Images.xcassets */,
				6A5F36911A8C29CE0034CBA8 /* Supporting Files */,
			);
			path = MoviePaint;
			sourceTree = "<group>";
		};
		6A5F36911A8C29CE0034CBA8 /* Supporting Files */ = {
			isa = PBXGroup;
			children = (
				6A5F36921A8C29CF0034CBA8 /* Info.plist */,
			);
			name = "Supporting Files";
			sourceTree = "<group>";
		};
		6A5F36A61A8C29CF0034CBA8 /* MoviePaintTests */ = {
			isa = PBXGroup;
			children = (
				6A5F36A91A8C29CF0034CBA8 /* MoviePaintTests.swift */,
				6A5F36A71A8C29CF0034CBA8 /* Supporting Files */,
			);
			path = MoviePaintTests;
			sourceTree = "<group>";
		};
		6A5F36A71A8C29CF0034CBA8 /* Supporting Files */ = {
			isa = PBXGroup;
			children = (
				6A5F36A81A8C29CF0034CBA8 /* Info.plist */,
			);
			name = "Supporting Files";
			sourceTree = "<group>";
		};
		BCDA85081A92703E0022FB5D /* Application */ = {
			isa = PBXGroup;
			children = (
				6A5F36931A8C29CF0034CBA8 /* AppDelegate.swift */,
			);
			name = Application;
			sourceTree = "<group>";
		};
		BCDA85091A9270490022FB5D /* Controllers */ = {
			isa = PBXGroup;
			children = (
				6A5F36B51A8C2BEA0034CBA8 /* PaintViewController.swift */,
				BCDA850C1A9276670022FB5D /* ColorChooserController.swift */,
			);
			name = Controllers;
			sourceTree = "<group>";
		};
		BCDA850A1A9270500022FB5D /* Views */ = {
			isa = PBXGroup;
			children = (
				BCDA85041A92702D0022FB5D /* ChooserSubviewManager.swift */,
				BCDA85051A92702D0022FB5D /* ValueSlider.swift */,
				6A5F36B31A8C2A380034CBA8 /* PaintView.swift */,
			);
			name = Views;
			sourceTree = "<group>";
		};
		BCDA850B1A9270590022FB5D /* Models */ = {
			isa = PBXGroup;
			children = (
				6A5F36B71A8C2C060034CBA8 /* Drawing.swift */,
			);
			name = Models;
			sourceTree = "<group>";
		};
		BCDA850E1A9278710022FB5D /* Assets */ = {
			isa = PBXGroup;
			children = (
				BCDA85181A927BE70022FB5D /* checkerboard.png */,
			);
			name = Assets;
			sourceTree = "<group>";
		};
/* End PBXGroup section */

/* Begin PBXNativeTarget section */
		6A5F368D1A8C29CE0034CBA8 /* MoviePaint */ = {
			isa = PBXNativeTarget;
			buildConfigurationList = 6A5F36AD1A8C29CF0034CBA8 /* Build configuration list for PBXNativeTarget "MoviePaint" */;
			buildPhases = (
				6A5F368A1A8C29CE0034CBA8 /* Sources */,
				6A5F368B1A8C29CE0034CBA8 /* Frameworks */,
				6A5F368C1A8C29CE0034CBA8 /* Resources */,
			);
			buildRules = (
			);
			dependencies = (
			);
			name = MoviePaint;
			productName = MoviePaint;
			productReference = 6A5F368E1A8C29CE0034CBA8 /* MoviePaint.app */;
			productType = "com.apple.product-type.application";
		};
		6A5F36A21A8C29CF0034CBA8 /* MoviePaintTests */ = {
			isa = PBXNativeTarget;
			buildConfigurationList = 6A5F36B01A8C29CF0034CBA8 /* Build configuration list for PBXNativeTarget "MoviePaintTests" */;
			buildPhases = (
				6A5F369F1A8C29CF0034CBA8 /* Sources */,
				6A5F36A01A8C29CF0034CBA8 /* Frameworks */,
				6A5F36A11A8C29CF0034CBA8 /* Resources */,
			);
			buildRules = (
			);
			dependencies = (
				6A5F36A51A8C29CF0034CBA8 /* PBXTargetDependency */,
			);
			name = MoviePaintTests;
			productName = MoviePaintTests;
			productReference = 6A5F36A31A8C29CF0034CBA8 /* MoviePaintTests.xctest */;
			productType = "com.apple.product-type.bundle.unit-test";
		};
/* End PBXNativeTarget section */

/* Begin PBXProject section */
		6A5F36861A8C29CE0034CBA8 /* Project object */ = {
			isa = PBXProject;
			attributes = {
				LastUpgradeCheck = 0610;
				ORGANIZATIONNAME = u0658884;
				TargetAttributes = {
					6A5F368D1A8C29CE0034CBA8 = {
						CreatedOnToolsVersion = 6.1.1;
					};
					6A5F36A21A8C29CF0034CBA8 = {
						CreatedOnToolsVersion = 6.1.1;
						TestTargetID = 6A5F368D1A8C29CE0034CBA8;
					};
				};
			};
			buildConfigurationList = 6A5F36891A8C29CE0034CBA8 /* Build configuration list for PBXProject "MoviePaint" */;
			compatibilityVersion = "Xcode 3.2";
			developmentRegion = English;
			hasScannedForEncodings = 0;
			knownRegions = (
				en,
				Base,
			);
			mainGroup = 6A5F36851A8C29CE0034CBA8;
			productRefGroup = 6A5F368F1A8C29CE0034CBA8 /* Products */;
			projectDirPath = "";
			projectRoot = "";
			targets = (
				6A5F368D1A8C29CE0034CBA8 /* MoviePaint */,
				6A5F36A21A8C29CF0034CBA8 /* MoviePaintTests */,
			);
		};
/* End PBXProject section */

/* Begin PBXResourcesBuildPhase section */
		6A5F368C1A8C29CE0034CBA8 /* Resources */ = {
			isa = PBXResourcesBuildPhase;
			buildActionMask = 2147483647;
			files = (
				BCDA85161A927BE70022FB5D /* checkerboard.png in Resources */,
				6A5F369B1A8C29CF0034CBA8 /* Images.xcassets in Resources */,
			);
			runOnlyForDeploymentPostprocessing = 0;
		};
		6A5F36A11A8C29CF0034CBA8 /* Resources */ = {
			isa = PBXResourcesBuildPhase;
			buildActionMask = 2147483647;
			files = (
			);
			runOnlyForDeploymentPostprocessing = 0;
		};
/* End PBXResourcesBuildPhase section */

/* Begin PBXSourcesBuildPhase section */
		6A5F368A1A8C29CE0034CBA8 /* Sources */ = {
			isa = PBXSourcesBuildPhase;
			buildActionMask = 2147483647;
			files = (
				6A5F36B81A8C2C060034CBA8 /* Drawing.swift in Sources */,
				BCDA85061A92702D0022FB5D /* ChooserSubviewManager.swift in Sources */,
				BCDA850D1A9276670022FB5D /* ColorChooserController.swift in Sources */,
				BCDA85071A92702D0022FB5D /* ValueSlider.swift in Sources */,
				6A5F36941A8C29CF0034CBA8 /* AppDelegate.swift in Sources */,
				6A5F36B61A8C2BEA0034CBA8 /* PaintViewController.swift in Sources */,
				6A5F36B41A8C2A380034CBA8 /* PaintView.swift in Sources */,
			);
			runOnlyForDeploymentPostprocessing = 0;
		};
		6A5F369F1A8C29CF0034CBA8 /* Sources */ = {
			isa = PBXSourcesBuildPhase;
			buildActionMask = 2147483647;
			files = (
				6A5F36AA1A8C29CF0034CBA8 /* MoviePaintTests.swift in Sources */,
			);
			runOnlyForDeploymentPostprocessing = 0;
		};
/* End PBXSourcesBuildPhase section */

/* Begin PBXTargetDependency section */
		6A5F36A51A8C29CF0034CBA8 /* PBXTargetDependency */ = {
			isa = PBXTargetDependency;
			target = 6A5F368D1A8C29CE0034CBA8 /* MoviePaint */;
			targetProxy = 6A5F36A41A8C29CF0034CBA8 /* PBXContainerItemProxy */;
		};
/* End PBXTargetDependency section */

/* Begin PBXVariantGroup section */
		BCDA85181A927BE70022FB5D /* checkerboard.png */ = {
			isa = PBXVariantGroup;
			children = (
				BCDA85171A927BE70022FB5D /* Base */,
			);
			name = checkerboard.png;
			sourceTree = "<group>";
		};
/* End PBXVariantGroup section */

/* Begin XCBuildConfiguration section */
		6A5F36AB1A8C29CF0034CBA8 /* Debug */ = {
			isa = XCBuildConfiguration;
			buildSettings = {
				ALWAYS_SEARCH_USER_PATHS = NO;
				CLANG_CXX_LANGUAGE_STANDARD = "gnu++0x";
				CLANG_CXX_LIBRARY = "libc++";
				CLANG_ENABLE_MODULES = YES;
				CLANG_ENABLE_OBJC_ARC = YES;
				CLANG_WARN_BOOL_CONVERSION = YES;
				CLANG_WARN_CONSTANT_CONVERSION = YES;
				CLANG_WARN_DIRECT_OBJC_ISA_USAGE = YES_ERROR;
				CLANG_WARN_EMPTY_BODY = YES;
				CLANG_WARN_ENUM_CONVERSION = YES;
				CLANG_WARN_INT_CONVERSION = YES;
				CLANG_WARN_OBJC_ROOT_CLASS = YES_ERROR;
				CLANG_WARN_UNREACHABLE_CODE = YES;
				CLANG_WARN__DUPLICATE_METHOD_MATCH = YES;
				"CODE_SIGN_IDENTITY[sdk=iphoneos*]" = "iPhone Developer";
				COPY_PHASE_STRIP = NO;
				ENABLE_STRICT_OBJC_MSGSEND = YES;
				GCC_C_LANGUAGE_STANDARD = gnu99;
				GCC_DYNAMIC_NO_PIC = NO;
				GCC_OPTIMIZATION_LEVEL = 0;
				GCC_PREPROCESSOR_DEFINITIONS = (
					"DEBUG=1",
					"$(inherited)",
				);
				GCC_SYMBOLS_PRIVATE_EXTERN = NO;
				GCC_WARN_64_TO_32_BIT_CONVERSION = YES;
				GCC_WARN_ABOUT_RETURN_TYPE = YES_ERROR;
				GCC_WARN_UNDECLARED_SELECTOR = YES;
				GCC_WARN_UNINITIALIZED_AUTOS = YES_AGGRESSIVE;
				GCC_WARN_UNUSED_FUNCTION = YES;
				GCC_WARN_UNUSED_VARIABLE = YES;
				IPHONEOS_DEPLOYMENT_TARGET = 8.1;
				MTL_ENABLE_DEBUG_INFO = YES;
				ONLY_ACTIVE_ARCH = YES;
				SDKROOT = iphoneos;
				SWIFT_OPTIMIZATION_LEVEL = "-Onone";
				TARGETED_DEVICE_FAMILY = "1,2";
			};
			name = Debug;
		};
		6A5F36AC1A8C29CF0034CBA8 /* Release */ = {
			isa = XCBuildConfiguration;
			buildSettings = {
				ALWAYS_SEARCH_USER_PATHS = NO;
				CLANG_CXX_LANGUAGE_STANDARD = "gnu++0x";
				CLANG_CXX_LIBRARY = "libc++";
				CLANG_ENABLE_MODULES = YES;
				CLANG_ENABLE_OBJC_ARC = YES;
				CLANG_WARN_BOOL_CONVERSION = YES;
				CLANG_WARN_CONSTANT_CONVERSION = YES;
				CLANG_WARN_DIRECT_OBJC_ISA_USAGE = YES_ERROR;
				CLANG_WARN_EMPTY_BODY = YES;
				CLANG_WARN_ENUM_CONVERSION = YES;
				CLANG_WARN_INT_CONVERSION = YES;
				CLANG_WARN_OBJC_ROOT_CLASS = YES_ERROR;
				CLANG_WARN_UNREACHABLE_CODE = YES;
				CLANG_WARN__DUPLICATE_METHOD_MATCH = YES;
				"CODE_SIGN_IDENTITY[sdk=iphoneos*]" = "iPhone Developer";
				COPY_PHASE_STRIP = YES;
				ENABLE_NS_ASSERTIONS = NO;
				ENABLE_STRICT_OBJC_MSGSEND = YES;
				GCC_C_LANGUAGE_STANDARD = gnu99;
				GCC_WARN_64_TO_32_BIT_CONVERSION = YES;
				GCC_WARN_ABOUT_RETURN_TYPE = YES_ERROR;
				GCC_WARN_UNDECLARED_SELECTOR = YES;
				GCC_WARN_UNINITIALIZED_AUTOS = YES_AGGRESSIVE;
				GCC_WARN_UNUSED_FUNCTION = YES;
				GCC_WARN_UNUSED_VARIABLE = YES;
				IPHONEOS_DEPLOYMENT_TARGET = 8.1;
				MTL_ENABLE_DEBUG_INFO = NO;
				SDKROOT = iphoneos;
				TARGETED_DEVICE_FAMILY = "1,2";
				VALIDATE_PRODUCT = YES;
			};
			name = Release;
		};
		6A5F36AE1A8C29CF0034CBA8 /* Debug */ = {
			isa = XCBuildConfiguration;
			buildSettings = {
				ASSETCATALOG_COMPILER_APPICON_NAME = AppIcon;
				INFOPLIST_FILE = MoviePaint/Info.plist;
				LD_RUNPATH_SEARCH_PATHS = "$(inherited) @executable_path/Frameworks";
				PRODUCT_NAME = "$(TARGET_NAME)";
			};
			name = Debug;
		};
		6A5F36AF1A8C29CF0034CBA8 /* Release */ = {
			isa = XCBuildConfiguration;
			buildSettings = {
				ASSETCATALOG_COMPILER_APPICON_NAME = AppIcon;
				INFOPLIST_FILE = MoviePaint/Info.plist;
				LD_RUNPATH_SEARCH_PATHS = "$(inherited) @executable_path/Frameworks";
				PRODUCT_NAME = "$(TARGET_NAME)";
			};
			name = Release;
		};
		6A5F36B11A8C29CF0034CBA8 /* Debug */ = {
			isa = XCBuildConfiguration;
			buildSettings = {
				BUNDLE_LOADER = "$(TEST_HOST)";
				FRAMEWORK_SEARCH_PATHS = (
					"$(SDKROOT)/Developer/Library/Frameworks",
					"$(inherited)",
				);
				GCC_PREPROCESSOR_DEFINITIONS = (
					"DEBUG=1",
					"$(inherited)",
				);
				INFOPLIST_FILE = MoviePaintTests/Info.plist;
				LD_RUNPATH_SEARCH_PATHS = "$(inherited) @executable_path/Frameworks @loader_path/Frameworks";
				PRODUCT_NAME = "$(TARGET_NAME)";
				TEST_HOST = "$(BUILT_PRODUCTS_DIR)/MoviePaint.app/MoviePaint";
			};
			name = Debug;
		};
		6A5F36B21A8C29CF0034CBA8 /* Release */ = {
			isa = XCBuildConfiguration;
			buildSettings = {
				BUNDLE_LOADER = "$(TEST_HOST)";
				FRAMEWORK_SEARCH_PATHS = (
					"$(SDKROOT)/Developer/Library/Frameworks",
					"$(inherited)",
				);
				INFOPLIST_FILE = MoviePaintTests/Info.plist;
				LD_RUNPATH_SEARCH_PATHS = "$(inherited) @executable_path/Frameworks @loader_path/Frameworks";
				PRODUCT_NAME = "$(TARGET_NAME)";
				TEST_HOST = "$(BUILT_PRODUCTS_DIR)/MoviePaint.app/MoviePaint";
			};
			name = Release;
		};
/* End XCBuildConfiguration section */

/* Begin XCConfigurationList section */
		6A5F36891A8C29CE0034CBA8 /* Build configuration list for PBXProject "MoviePaint" */ = {
			isa = XCConfigurationList;
			buildConfigurations = (
				6A5F36AB1A8C29CF0034CBA8 /* Debug */,
				6A5F36AC1A8C29CF0034CBA8 /* Release */,
			);
			defaultConfigurationIsVisible = 0;
			defaultConfigurationName = Release;
		};
		6A5F36AD1A8C29CF0034CBA8 /* Build configuration list for PBXNativeTarget "MoviePaint" */ = {
			isa = XCConfigurationList;
			buildConfigurations = (
				6A5F36AE1A8C29CF0034CBA8 /* Debug */,
				6A5F36AF1A8C29CF0034CBA8 /* Release */,
			);
			defaultConfigurationIsVisible = 0;
			defaultConfigurationName = Release;
		};
		6A5F36B01A8C29CF0034CBA8 /* Build configuration list for PBXNativeTarget "MoviePaintTests" */ = {
			isa = XCConfigurationList;
			buildConfigurations = (
				6A5F36B11A8C29CF0034CBA8 /* Debug */,
				6A5F36B21A8C29CF0034CBA8 /* Release */,
			);
			defaultConfigurationIsVisible = 0;
			defaultConfigurationName = Release;
		};
/* End XCConfigurationList section */
	};
	rootObject = 6A5F36861A8C29CE0034CBA8 /* Project object */;
}
