// !$*UTF8*$!
{
	archiveVersion = 1;
	classes = {
	};
	objectVersion = 46;
	objects = {

/* Begin PBXBuildFile section */
		BCF5B2001AE08A2300BFA5E2 /* AppDelegate.swift in Sources */ = {isa = PBXBuildFile; fileRef = BCF5B1FF1AE08A2300BFA5E2 /* AppDelegate.swift */; };
		BCF5B2021AE08A2300BFA5E2 /* ViewController.swift in Sources */ = {isa = PBXBuildFile; fileRef = BCF5B2011AE08A2300BFA5E2 /* ViewController.swift */; };
		BCF5B2051AE08A2300BFA5E2 /* Main.storyboard in Resources */ = {isa = PBXBuildFile; fileRef = BCF5B2031AE08A2300BFA5E2 /* Main.storyboard */; };
		BCF5B2071AE08A2300BFA5E2 /* Images.xcassets in Resources */ = {isa = PBXBuildFile; fileRef = BCF5B2061AE08A2300BFA5E2 /* Images.xcassets */; };
		BCF5B20A1AE08A2300BFA5E2 /* LaunchScreen.xib in Resources */ = {isa = PBXBuildFile; fileRef = BCF5B2081AE08A2300BFA5E2 /* LaunchScreen.xib */; };
		BCF5B2161AE08A2300BFA5E2 /* bosccv2Tests.swift in Sources */ = {isa = PBXBuildFile; fileRef = BCF5B2151AE08A2300BFA5E2 /* bosccv2Tests.swift */; };
/* End PBXBuildFile section */

/* Begin PBXContainerItemProxy section */
		BCF5B2101AE08A2300BFA5E2 /* PBXContainerItemProxy */ = {
			isa = PBXContainerItemProxy;
			containerPortal = BCF5B1F21AE08A2300BFA5E2 /* Project object */;
			proxyType = 1;
			remoteGlobalIDString = BCF5B1F91AE08A2300BFA5E2;
			remoteInfo = bosccv2;
		};
/* End PBXContainerItemProxy section */

/* Begin PBXFileReference section */
		BCF5B1FA1AE08A2300BFA5E2 /* bosccv2.app */ = {isa = PBXFileReference; explicitFileType = wrapper.application; includeInIndex = 0; path = bosccv2.app; sourceTree = BUILT_PRODUCTS_DIR; };
		BCF5B1FE1AE08A2300BFA5E2 /* Info.plist */ = {isa = PBXFileReference; lastKnownFileType = text.plist.xml; path = Info.plist; sourceTree = "<group>"; };
		BCF5B1FF1AE08A2300BFA5E2 /* AppDelegate.swift */ = {isa = PBXFileReference; lastKnownFileType = sourcecode.swift; path = AppDelegate.swift; sourceTree = "<group>"; };
		BCF5B2011AE08A2300BFA5E2 /* ViewController.swift */ = {isa = PBXFileReference; lastKnownFileType = sourcecode.swift; path = ViewController.swift; sourceTree = "<group>"; };
		BCF5B2041AE08A2300BFA5E2 /* Base */ = {isa = PBXFileReference; lastKnownFileType = file.storyboard; name = Base; path = Base.lproj/Main.storyboard; sourceTree = "<group>"; };
		BCF5B2061AE08A2300BFA5E2 /* Images.xcassets */ = {isa = PBXFileReference; lastKnownFileType = folder.assetcatalog; path = Images.xcassets; sourceTree = "<group>"; };
		BCF5B2091AE08A2300BFA5E2 /* Base */ = {isa = PBXFileReference; lastKnownFileType = file.xib; name = Base; path = Base.lproj/LaunchScreen.xib; sourceTree = "<group>"; };
		BCF5B20F1AE08A2300BFA5E2 /* bosccv2Tests.xctest */ = {isa = PBXFileReference; explicitFileType = wrapper.cfbundle; includeInIndex = 0; path = bosccv2Tests.xctest; sourceTree = BUILT_PRODUCTS_DIR; };
		BCF5B2141AE08A2300BFA5E2 /* Info.plist */ = {isa = PBXFileReference; lastKnownFileType = text.plist.xml; path = Info.plist; sourceTree = "<group>"; };
		BCF5B2151AE08A2300BFA5E2 /* bosccv2Tests.swift */ = {isa = PBXFileReference; lastKnownFileType = sourcecode.swift; path = bosccv2Tests.swift; sourceTree = "<group>"; };
/* End PBXFileReference section */

/* Begin PBXFrameworksBuildPhase section */
		BCF5B1F71AE08A2300BFA5E2 /* Frameworks */ = {
			isa = PBXFrameworksBuildPhase;
			buildActionMask = 2147483647;
			files = (
			);
			runOnlyForDeploymentPostprocessing = 0;
		};
		BCF5B20C1AE08A2300BFA5E2 /* Frameworks */ = {
			isa = PBXFrameworksBuildPhase;
			buildActionMask = 2147483647;
			files = (
			);
			runOnlyForDeploymentPostprocessing = 0;
		};
/* End PBXFrameworksBuildPhase section */

/* Begin PBXGroup section */
		BCF5B1F11AE08A2300BFA5E2 = {
			isa = PBXGroup;
			children = (
				BCF5B1FC1AE08A2300BFA5E2 /* bosccv2 */,
				BCF5B2121AE08A2300BFA5E2 /* bosccv2Tests */,
				BCF5B1FB1AE08A2300BFA5E2 /* Products */,
			);
			sourceTree = "<group>";
		};
		BCF5B1FB1AE08A2300BFA5E2 /* Products */ = {
			isa = PBXGroup;
			children = (
				BCF5B1FA1AE08A2300BFA5E2 /* bosccv2.app */,
				BCF5B20F1AE08A2300BFA5E2 /* bosccv2Tests.xctest */,
			);
			name = Products;
			sourceTree = "<group>";
		};
		BCF5B1FC1AE08A2300BFA5E2 /* bosccv2 */ = {
			isa = PBXGroup;
			children = (
				BCF5B1FF1AE08A2300BFA5E2 /* AppDelegate.swift */,
				BCF5B2011AE08A2300BFA5E2 /* ViewController.swift */,
				BCF5B2031AE08A2300BFA5E2 /* Main.storyboard */,
				BCF5B2061AE08A2300BFA5E2 /* Images.xcassets */,
				BCF5B2081AE08A2300BFA5E2 /* LaunchScreen.xib */,
				BCF5B1FD1AE08A2300BFA5E2 /* Supporting Files */,
			);
			path = bosccv2;
			sourceTree = "<group>";
		};
		BCF5B1FD1AE08A2300BFA5E2 /* Supporting Files */ = {
			isa = PBXGroup;
			children = (
				BCF5B1FE1AE08A2300BFA5E2 /* Info.plist */,
			);
			name = "Supporting Files";
			sourceTree = "<group>";
		};
		BCF5B2121AE08A2300BFA5E2 /* bosccv2Tests */ = {
			isa = PBXGroup;
			children = (
				BCF5B2151AE08A2300BFA5E2 /* bosccv2Tests.swift */,
				BCF5B2131AE08A2300BFA5E2 /* Supporting Files */,
			);
			path = bosccv2Tests;
			sourceTree = "<group>";
		};
		BCF5B2131AE08A2300BFA5E2 /* Supporting Files */ = {
			isa = PBXGroup;
			children = (
				BCF5B2141AE08A2300BFA5E2 /* Info.plist */,
			);
			name = "Supporting Files";
			sourceTree = "<group>";
		};
/* End PBXGroup section */

/* Begin PBXNativeTarget section */
		BCF5B1F91AE08A2300BFA5E2 /* bosccv2 */ = {
			isa = PBXNativeTarget;
			buildConfigurationList = BCF5B2191AE08A2300BFA5E2 /* Build configuration list for PBXNativeTarget "bosccv2" */;
			buildPhases = (
				BCF5B1F61AE08A2300BFA5E2 /* Sources */,
				BCF5B1F71AE08A2300BFA5E2 /* Frameworks */,
				BCF5B1F81AE08A2300BFA5E2 /* Resources */,
			);
			buildRules = (
			);
			dependencies = (
			);
			name = bosccv2;
			productName = bosccv2;
			productReference = BCF5B1FA1AE08A2300BFA5E2 /* bosccv2.app */;
			productType = "com.apple.product-type.application";
		};
		BCF5B20E1AE08A2300BFA5E2 /* bosccv2Tests */ = {
			isa = PBXNativeTarget;
			buildConfigurationList = BCF5B21C1AE08A2300BFA5E2 /* Build configuration list for PBXNativeTarget "bosccv2Tests" */;
			buildPhases = (
				BCF5B20B1AE08A2300BFA5E2 /* Sources */,
				BCF5B20C1AE08A2300BFA5E2 /* Frameworks */,
				BCF5B20D1AE08A2300BFA5E2 /* Resources */,
			);
			buildRules = (
			);
			dependencies = (
				BCF5B2111AE08A2300BFA5E2 /* PBXTargetDependency */,
			);
			name = bosccv2Tests;
			productName = bosccv2Tests;
			productReference = BCF5B20F1AE08A2300BFA5E2 /* bosccv2Tests.xctest */;
			productType = "com.apple.product-type.bundle.unit-test";
		};
/* End PBXNativeTarget section */

/* Begin PBXProject section */
		BCF5B1F21AE08A2300BFA5E2 /* Project object */ = {
			isa = PBXProject;
			attributes = {
				LastUpgradeCheck = 0620;
				ORGANIZATIONNAME = "Hayden Shelton";
				TargetAttributes = {
					BCF5B1F91AE08A2300BFA5E2 = {
						CreatedOnToolsVersion = 6.2;
					};
					BCF5B20E1AE08A2300BFA5E2 = {
						CreatedOnToolsVersion = 6.2;
						TestTargetID = BCF5B1F91AE08A2300BFA5E2;
					};
				};
			};
			buildConfigurationList = BCF5B1F51AE08A2300BFA5E2 /* Build configuration list for PBXProject "bosccv2" */;
			compatibilityVersion = "Xcode 3.2";
			developmentRegion = English;
			hasScannedForEncodings = 0;
			knownRegions = (
				en,
				Base,
			);
			mainGroup = BCF5B1F11AE08A2300BFA5E2;
			productRefGroup = BCF5B1FB1AE08A2300BFA5E2 /* Products */;
			projectDirPath = "";
			projectRoot = "";
			targets = (
				BCF5B1F91AE08A2300BFA5E2 /* bosccv2 */,
				BCF5B20E1AE08A2300BFA5E2 /* bosccv2Tests */,
			);
		};
/* End PBXProject section */

/* Begin PBXResourcesBuildPhase section */
		BCF5B1F81AE08A2300BFA5E2 /* Resources */ = {
			isa = PBXResourcesBuildPhase;
			buildActionMask = 2147483647;
			files = (
				BCF5B2051AE08A2300BFA5E2 /* Main.storyboard in Resources */,
				BCF5B20A1AE08A2300BFA5E2 /* LaunchScreen.xib in Resources */,
				BCF5B2071AE08A2300BFA5E2 /* Images.xcassets in Resources */,
			);
			runOnlyForDeploymentPostprocessing = 0;
		};
		BCF5B20D1AE08A2300BFA5E2 /* Resources */ = {
			isa = PBXResourcesBuildPhase;
			buildActionMask = 2147483647;
			files = (
			);
			runOnlyForDeploymentPostprocessing = 0;
		};
/* End PBXResourcesBuildPhase section */

/* Begin PBXSourcesBuildPhase section */
		BCF5B1F61AE08A2300BFA5E2 /* Sources */ = {
			isa = PBXSourcesBuildPhase;
			buildActionMask = 2147483647;
			files = (
				BCF5B2021AE08A2300BFA5E2 /* ViewController.swift in Sources */,
				BCF5B2001AE08A2300BFA5E2 /* AppDelegate.swift in Sources */,
			);
			runOnlyForDeploymentPostprocessing = 0;
		};
		BCF5B20B1AE08A2300BFA5E2 /* Sources */ = {
			isa = PBXSourcesBuildPhase;
			buildActionMask = 2147483647;
			files = (
				BCF5B2161AE08A2300BFA5E2 /* bosccv2Tests.swift in Sources */,
			);
			runOnlyForDeploymentPostprocessing = 0;
		};
/* End PBXSourcesBuildPhase section */

/* Begin PBXTargetDependency section */
		BCF5B2111AE08A2300BFA5E2 /* PBXTargetDependency */ = {
			isa = PBXTargetDependency;
			target = BCF5B1F91AE08A2300BFA5E2 /* bosccv2 */;
			targetProxy = BCF5B2101AE08A2300BFA5E2 /* PBXContainerItemProxy */;
		};
/* End PBXTargetDependency section */

/* Begin PBXVariantGroup section */
		BCF5B2031AE08A2300BFA5E2 /* Main.storyboard */ = {
			isa = PBXVariantGroup;
			children = (
				BCF5B2041AE08A2300BFA5E2 /* Base */,
			);
			name = Main.storyboard;
			sourceTree = "<group>";
		};
		BCF5B2081AE08A2300BFA5E2 /* LaunchScreen.xib */ = {
			isa = PBXVariantGroup;
			children = (
				BCF5B2091AE08A2300BFA5E2 /* Base */,
			);
			name = LaunchScreen.xib;
			sourceTree = "<group>";
		};
/* End PBXVariantGroup section */

/* Begin XCBuildConfiguration section */
		BCF5B2171AE08A2300BFA5E2 /* Debug */ = {
			isa = XCBuildConfiguration;
			buildSettings = {
				ALWAYS_SEARCH_USER_PATHS = NO;
				CLANG_CXX_LANGUAGE_STANDARD = "gnu++0x";
				CLANG_CXX_LIBRARY = "libc++";
				CLANG_ENABLE_MODULES = YES;
				CLANG_ENABLE_OBJC_ARC = YES;
				CLANG_WARN_BOOL_CONVERSION = YES;
				CLANG_WARN_CONSTANT_CONVERSION = YES;
				CLANG_WARN_DIRECT_OBJC_ISA_USAGE = YES_ERROR;
				CLANG_WARN_EMPTY_BODY = YES;
				CLANG_WARN_ENUM_CONVERSION = YES;
				CLANG_WARN_INT_CONVERSION = YES;
				CLANG_WARN_OBJC_ROOT_CLASS = YES_ERROR;
				CLANG_WARN_UNREACHABLE_CODE = YES;
				CLANG_WARN__DUPLICATE_METHOD_MATCH = YES;
				"CODE_SIGN_IDENTITY[sdk=iphoneos*]" = "iPhone Developer";
				COPY_PHASE_STRIP = NO;
				ENABLE_STRICT_OBJC_MSGSEND = YES;
				GCC_C_LANGUAGE_STANDARD = gnu99;
				GCC_DYNAMIC_NO_PIC = NO;
				GCC_OPTIMIZATION_LEVEL = 0;
				GCC_PREPROCESSOR_DEFINITIONS = (
					"DEBUG=1",
					"$(inherited)",
				);
				GCC_SYMBOLS_PRIVATE_EXTERN = NO;
				GCC_WARN_64_TO_32_BIT_CONVERSION = YES;
				GCC_WARN_ABOUT_RETURN_TYPE = YES_ERROR;
				GCC_WARN_UNDECLARED_SELECTOR = YES;
				GCC_WARN_UNINITIALIZED_AUTOS = YES_AGGRESSIVE;
				GCC_WARN_UNUSED_FUNCTION = YES;
				GCC_WARN_UNUSED_VARIABLE = YES;
				IPHONEOS_DEPLOYMENT_TARGET = 8.2;
				MTL_ENABLE_DEBUG_INFO = YES;
				ONLY_ACTIVE_ARCH = YES;
				SDKROOT = iphoneos;
				SWIFT_OPTIMIZATION_LEVEL = "-Onone";
				TARGETED_DEVICE_FAMILY = "1,2";
			};
			name = Debug;
		};
		BCF5B2181AE08A2300BFA5E2 /* Release */ = {
			isa = XCBuildConfiguration;
			buildSettings = {
				ALWAYS_SEARCH_USER_PATHS = NO;
				CLANG_CXX_LANGUAGE_STANDARD = "gnu++0x";
				CLANG_CXX_LIBRARY = "libc++";
				CLANG_ENABLE_MODULES = YES;
				CLANG_ENABLE_OBJC_ARC = YES;
				CLANG_WARN_BOOL_CONVERSION = YES;
				CLANG_WARN_CONSTANT_CONVERSION = YES;
				CLANG_WARN_DIRECT_OBJC_ISA_USAGE = YES_ERROR;
				CLANG_WARN_EMPTY_BODY = YES;
				CLANG_WARN_ENUM_CONVERSION = YES;
				CLANG_WARN_INT_CONVERSION = YES;
				CLANG_WARN_OBJC_ROOT_CLASS = YES_ERROR;
				CLANG_WARN_UNREACHABLE_CODE = YES;
				CLANG_WARN__DUPLICATE_METHOD_MATCH = YES;
				"CODE_SIGN_IDENTITY[sdk=iphoneos*]" = "iPhone Developer";
				COPY_PHASE_STRIP = NO;
				ENABLE_NS_ASSERTIONS = NO;
				ENABLE_STRICT_OBJC_MSGSEND = YES;
				GCC_C_LANGUAGE_STANDARD = gnu99;
				GCC_WARN_64_TO_32_BIT_CONVERSION = YES;
				GCC_WARN_ABOUT_RETURN_TYPE = YES_ERROR;
				GCC_WARN_UNDECLARED_SELECTOR = YES;
				GCC_WARN_UNINITIALIZED_AUTOS = YES_AGGRESSIVE;
				GCC_WARN_UNUSED_FUNCTION = YES;
				GCC_WARN_UNUSED_VARIABLE = YES;
				IPHONEOS_DEPLOYMENT_TARGET = 8.2;
				MTL_ENABLE_DEBUG_INFO = NO;
				SDKROOT = iphoneos;
				TARGETED_DEVICE_FAMILY = "1,2";
				VALIDATE_PRODUCT = YES;
			};
			name = Release;
		};
		BCF5B21A1AE08A2300BFA5E2 /* Debug */ = {
			isa = XCBuildConfiguration;
			buildSettings = {
				ASSETCATALOG_COMPILER_APPICON_NAME = AppIcon;
				INFOPLIST_FILE = bosccv2/Info.plist;
				LD_RUNPATH_SEARCH_PATHS = "$(inherited) @executable_path/Frameworks";
				PRODUCT_NAME = "$(TARGET_NAME)";
			};
			name = Debug;
		};
		BCF5B21B1AE08A2300BFA5E2 /* Release */ = {
			isa = XCBuildConfiguration;
			buildSettings = {
				ASSETCATALOG_COMPILER_APPICON_NAME = AppIcon;
				INFOPLIST_FILE = bosccv2/Info.plist;
				LD_RUNPATH_SEARCH_PATHS = "$(inherited) @executable_path/Frameworks";
				PRODUCT_NAME = "$(TARGET_NAME)";
			};
			name = Release;
		};
		BCF5B21D1AE08A2300BFA5E2 /* Debug */ = {
			isa = XCBuildConfiguration;
			buildSettings = {
				BUNDLE_LOADER = "$(TEST_HOST)";
				FRAMEWORK_SEARCH_PATHS = (
					"$(SDKROOT)/Developer/Library/Frameworks",
					"$(inherited)",
				);
				GCC_PREPROCESSOR_DEFINITIONS = (
					"DEBUG=1",
					"$(inherited)",
				);
				INFOPLIST_FILE = bosccv2Tests/Info.plist;
				LD_RUNPATH_SEARCH_PATHS = "$(inherited) @executable_path/Frameworks @loader_path/Frameworks";
				PRODUCT_NAME = "$(TARGET_NAME)";
				TEST_HOST = "$(BUILT_PRODUCTS_DIR)/bosccv2.app/bosccv2";
			};
			name = Debug;
		};
		BCF5B21E1AE08A2300BFA5E2 /* Release */ = {
			isa = XCBuildConfiguration;
			buildSettings = {
				BUNDLE_LOADER = "$(TEST_HOST)";
				FRAMEWORK_SEARCH_PATHS = (
					"$(SDKROOT)/Developer/Library/Frameworks",
					"$(inherited)",
				);
				INFOPLIST_FILE = bosccv2Tests/Info.plist;
				LD_RUNPATH_SEARCH_PATHS = "$(inherited) @executable_path/Frameworks @loader_path/Frameworks";
				PRODUCT_NAME = "$(TARGET_NAME)";
				TEST_HOST = "$(BUILT_PRODUCTS_DIR)/bosccv2.app/bosccv2";
			};
			name = Release;
		};
/* End XCBuildConfiguration section */

/* Begin XCConfigurationList section */
		BCF5B1F51AE08A2300BFA5E2 /* Build configuration list for PBXProject "bosccv2" */ = {
			isa = XCConfigurationList;
			buildConfigurations = (
				BCF5B2171AE08A2300BFA5E2 /* Debug */,
				BCF5B2181AE08A2300BFA5E2 /* Release */,
			);
			defaultConfigurationIsVisible = 0;
			defaultConfigurationName = Release;
		};
		BCF5B2191AE08A2300BFA5E2 /* Build configuration list for PBXNativeTarget "bosccv2" */ = {
			isa = XCConfigurationList;
			buildConfigurations = (
				BCF5B21A1AE08A2300BFA5E2 /* Debug */,
				BCF5B21B1AE08A2300BFA5E2 /* Release */,
			);
			defaultConfigurationIsVisible = 0;
		};
		BCF5B21C1AE08A2300BFA5E2 /* Build configuration list for PBXNativeTarget "bosccv2Tests" */ = {
			isa = XCConfigurationList;
			buildConfigurations = (
				BCF5B21D1AE08A2300BFA5E2 /* Debug */,
				BCF5B21E1AE08A2300BFA5E2 /* Release */,
			);
			defaultConfigurationIsVisible = 0;
		};
/* End XCConfigurationList section */
	};
	rootObject = BCF5B1F21AE08A2300BFA5E2 /* Project object */;
}
