// !$*UTF8*$!
{
	archiveVersion = 1;
	classes = {
	};
	objectVersion = 46;
	objects = {

/* Begin PBXBuildFile section */
		BC59E90B1A901EA700A3EC4B /* AppDelegate.swift in Sources */ = {isa = PBXBuildFile; fileRef = BC59E90A1A901EA700A3EC4B /* AppDelegate.swift */; };
		BC59E90D1A901EA700A3EC4B /* ListViewController.swift in Sources */ = {isa = PBXBuildFile; fileRef = BC59E90C1A901EA700A3EC4B /* ListViewController.swift */; };
		BC59E9121A901EA700A3EC4B /* Images.xcassets in Resources */ = {isa = PBXBuildFile; fileRef = BC59E9111A901EA700A3EC4B /* Images.xcassets */; };
		BC59E9211A901EA700A3EC4B /* ListsTests.swift in Sources */ = {isa = PBXBuildFile; fileRef = BC59E9201A901EA700A3EC4B /* ListsTests.swift */; };
		BC59E92B1A902B2B00A3EC4B /* ListManager.swift in Sources */ = {isa = PBXBuildFile; fileRef = BC59E92A1A902B2B00A3EC4B /* ListManager.swift */; };
		BCDA85001A9240740022FB5D /* DetailViewController.swift in Sources */ = {isa = PBXBuildFile; fileRef = BCDA84FF1A9240740022FB5D /* DetailViewController.swift */; };
/* End PBXBuildFile section */

/* Begin PBXContainerItemProxy section */
		BC59E91B1A901EA700A3EC4B /* PBXContainerItemProxy */ = {
			isa = PBXContainerItemProxy;
			containerPortal = BC59E8FD1A901EA700A3EC4B /* Project object */;
			proxyType = 1;
			remoteGlobalIDString = BC59E9041A901EA700A3EC4B;
			remoteInfo = Lists;
		};
/* End PBXContainerItemProxy section */

/* Begin PBXFileReference section */
		BC59E9051A901EA700A3EC4B /* Lists.app */ = {isa = PBXFileReference; explicitFileType = wrapper.application; includeInIndex = 0; path = Lists.app; sourceTree = BUILT_PRODUCTS_DIR; };
		BC59E9091A901EA700A3EC4B /* Info.plist */ = {isa = PBXFileReference; lastKnownFileType = text.plist.xml; path = Info.plist; sourceTree = "<group>"; };
		BC59E90A1A901EA700A3EC4B /* AppDelegate.swift */ = {isa = PBXFileReference; lastKnownFileType = sourcecode.swift; path = AppDelegate.swift; sourceTree = "<group>"; };
		BC59E90C1A901EA700A3EC4B /* ListViewController.swift */ = {isa = PBXFileReference; lastKnownFileType = sourcecode.swift; path = ListViewController.swift; sourceTree = "<group>"; };
		BC59E9111A901EA700A3EC4B /* Images.xcassets */ = {isa = PBXFileReference; lastKnownFileType = folder.assetcatalog; path = Images.xcassets; sourceTree = "<group>"; };
		BC59E91A1A901EA700A3EC4B /* ListsTests.xctest */ = {isa = PBXFileReference; explicitFileType = wrapper.cfbundle; includeInIndex = 0; path = ListsTests.xctest; sourceTree = BUILT_PRODUCTS_DIR; };
		BC59E91F1A901EA700A3EC4B /* Info.plist */ = {isa = PBXFileReference; lastKnownFileType = text.plist.xml; path = Info.plist; sourceTree = "<group>"; };
		BC59E9201A901EA700A3EC4B /* ListsTests.swift */ = {isa = PBXFileReference; lastKnownFileType = sourcecode.swift; path = ListsTests.swift; sourceTree = "<group>"; };
		BC59E92A1A902B2B00A3EC4B /* ListManager.swift */ = {isa = PBXFileReference; fileEncoding = 4; lastKnownFileType = sourcecode.swift; path = ListManager.swift; sourceTree = "<group>"; };
		BCDA84FF1A9240740022FB5D /* DetailViewController.swift */ = {isa = PBXFileReference; fileEncoding = 4; lastKnownFileType = sourcecode.swift; path = DetailViewController.swift; sourceTree = "<group>"; };
/* End PBXFileReference section */

/* Begin PBXFrameworksBuildPhase section */
		BC59E9021A901EA700A3EC4B /* Frameworks */ = {
			isa = PBXFrameworksBuildPhase;
			buildActionMask = 2147483647;
			files = (
			);
			runOnlyForDeploymentPostprocessing = 0;
		};
		BC59E9171A901EA700A3EC4B /* Frameworks */ = {
			isa = PBXFrameworksBuildPhase;
			buildActionMask = 2147483647;
			files = (
			);
			runOnlyForDeploymentPostprocessing = 0;
		};
/* End PBXFrameworksBuildPhase section */

/* Begin PBXGroup section */
		BC59E8FC1A901EA700A3EC4B = {
			isa = PBXGroup;
			children = (
				BC59E9071A901EA700A3EC4B /* Lists */,
				BC59E91D1A901EA700A3EC4B /* ListsTests */,
				BC59E9061A901EA700A3EC4B /* Products */,
			);
			sourceTree = "<group>";
		};
		BC59E9061A901EA700A3EC4B /* Products */ = {
			isa = PBXGroup;
			children = (
				BC59E9051A901EA700A3EC4B /* Lists.app */,
				BC59E91A1A901EA700A3EC4B /* ListsTests.xctest */,
			);
			name = Products;
			sourceTree = "<group>";
		};
		BC59E9071A901EA700A3EC4B /* Lists */ = {
			isa = PBXGroup;
			children = (
				BCDA85021A9240A20022FB5D /* Application */,
				BCDA85011A9240850022FB5D /* List */,
				BCDA85031A9240B70022FB5D /* Detail */,
				BC59E9111A901EA700A3EC4B /* Images.xcassets */,
				BC59E9081A901EA700A3EC4B /* Supporting Files */,
			);
			path = Lists;
			sourceTree = "<group>";
		};
		BC59E9081A901EA700A3EC4B /* Supporting Files */ = {
			isa = PBXGroup;
			children = (
				BC59E9091A901EA700A3EC4B /* Info.plist */,
			);
			name = "Supporting Files";
			sourceTree = "<group>";
		};
		BC59E91D1A901EA700A3EC4B /* ListsTests */ = {
			isa = PBXGroup;
			children = (
				BC59E9201A901EA700A3EC4B /* ListsTests.swift */,
				BC59E91E1A901EA700A3EC4B /* Supporting Files */,
			);
			path = ListsTests;
			sourceTree = "<group>";
		};
		BC59E91E1A901EA700A3EC4B /* Supporting Files */ = {
			isa = PBXGroup;
			children = (
				BC59E91F1A901EA700A3EC4B /* Info.plist */,
			);
			name = "Supporting Files";
			sourceTree = "<group>";
		};
		BCDA85011A9240850022FB5D /* List */ = {
			isa = PBXGroup;
			children = (
				BC59E90C1A901EA700A3EC4B /* ListViewController.swift */,
			);
			name = List;
			sourceTree = "<group>";
		};
		BCDA85021A9240A20022FB5D /* Application */ = {
			isa = PBXGroup;
			children = (
				BC59E92A1A902B2B00A3EC4B /* ListManager.swift */,
				BC59E90A1A901EA700A3EC4B /* AppDelegate.swift */,
			);
			name = Application;
			sourceTree = "<group>";
		};
		BCDA85031A9240B70022FB5D /* Detail */ = {
			isa = PBXGroup;
			children = (
				BCDA84FF1A9240740022FB5D /* DetailViewController.swift */,
			);
			name = Detail;
			sourceTree = "<group>";
		};
/* End PBXGroup section */

/* Begin PBXNativeTarget section */
		BC59E9041A901EA700A3EC4B /* Lists */ = {
			isa = PBXNativeTarget;
			buildConfigurationList = BC59E9241A901EA700A3EC4B /* Build configuration list for PBXNativeTarget "Lists" */;
			buildPhases = (
				BC59E9011A901EA700A3EC4B /* Sources */,
				BC59E9021A901EA700A3EC4B /* Frameworks */,
				BC59E9031A901EA700A3EC4B /* Resources */,
			);
			buildRules = (
			);
			dependencies = (
			);
			name = Lists;
			productName = Lists;
			productReference = BC59E9051A901EA700A3EC4B /* Lists.app */;
			productType = "com.apple.product-type.application";
		};
		BC59E9191A901EA700A3EC4B /* ListsTests */ = {
			isa = PBXNativeTarget;
			buildConfigurationList = BC59E9271A901EA700A3EC4B /* Build configuration list for PBXNativeTarget "ListsTests" */;
			buildPhases = (
				BC59E9161A901EA700A3EC4B /* Sources */,
				BC59E9171A901EA700A3EC4B /* Frameworks */,
				BC59E9181A901EA700A3EC4B /* Resources */,
			);
			buildRules = (
			);
			dependencies = (
				BC59E91C1A901EA700A3EC4B /* PBXTargetDependency */,
			);
			name = ListsTests;
			productName = ListsTests;
			productReference = BC59E91A1A901EA700A3EC4B /* ListsTests.xctest */;
			productType = "com.apple.product-type.bundle.unit-test";
		};
/* End PBXNativeTarget section */

/* Begin PBXProject section */
		BC59E8FD1A901EA700A3EC4B /* Project object */ = {
			isa = PBXProject;
			attributes = {
				LastUpgradeCheck = 0610;
				ORGANIZATIONNAME = "Hayden Shelton";
				TargetAttributes = {
					BC59E9041A901EA700A3EC4B = {
						CreatedOnToolsVersion = 6.1.1;
					};
					BC59E9191A901EA700A3EC4B = {
						CreatedOnToolsVersion = 6.1.1;
						TestTargetID = BC59E9041A901EA700A3EC4B;
					};
				};
			};
			buildConfigurationList = BC59E9001A901EA700A3EC4B /* Build configuration list for PBXProject "Lists" */;
			compatibilityVersion = "Xcode 3.2";
			developmentRegion = English;
			hasScannedForEncodings = 0;
			knownRegions = (
				en,
				Base,
			);
			mainGroup = BC59E8FC1A901EA700A3EC4B;
			productRefGroup = BC59E9061A901EA700A3EC4B /* Products */;
			projectDirPath = "";
			projectRoot = "";
			targets = (
				BC59E9041A901EA700A3EC4B /* Lists */,
				BC59E9191A901EA700A3EC4B /* ListsTests */,
			);
		};
/* End PBXProject section */

/* Begin PBXResourcesBuildPhase section */
		BC59E9031A901EA700A3EC4B /* Resources */ = {
			isa = PBXResourcesBuildPhase;
			buildActionMask = 2147483647;
			files = (
				BC59E9121A901EA700A3EC4B /* Images.xcassets in Resources */,
			);
			runOnlyForDeploymentPostprocessing = 0;
		};
		BC59E9181A901EA700A3EC4B /* Resources */ = {
			isa = PBXResourcesBuildPhase;
			buildActionMask = 2147483647;
			files = (
			);
			runOnlyForDeploymentPostprocessing = 0;
		};
/* End PBXResourcesBuildPhase section */

/* Begin PBXSourcesBuildPhase section */
		BC59E9011A901EA700A3EC4B /* Sources */ = {
			isa = PBXSourcesBuildPhase;
			buildActionMask = 2147483647;
			files = (
				BC59E92B1A902B2B00A3EC4B /* ListManager.swift in Sources */,
				BC59E90D1A901EA700A3EC4B /* ListViewController.swift in Sources */,
				BC59E90B1A901EA700A3EC4B /* AppDelegate.swift in Sources */,
				BCDA85001A9240740022FB5D /* DetailViewController.swift in Sources */,
			);
			runOnlyForDeploymentPostprocessing = 0;
		};
		BC59E9161A901EA700A3EC4B /* Sources */ = {
			isa = PBXSourcesBuildPhase;
			buildActionMask = 2147483647;
			files = (
				BC59E9211A901EA700A3EC4B /* ListsTests.swift in Sources */,
			);
			runOnlyForDeploymentPostprocessing = 0;
		};
/* End PBXSourcesBuildPhase section */

/* Begin PBXTargetDependency section */
		BC59E91C1A901EA700A3EC4B /* PBXTargetDependency */ = {
			isa = PBXTargetDependency;
			target = BC59E9041A901EA700A3EC4B /* Lists */;
			targetProxy = BC59E91B1A901EA700A3EC4B /* PBXContainerItemProxy */;
		};
/* End PBXTargetDependency section */

/* Begin XCBuildConfiguration section */
		BC59E9221A901EA700A3EC4B /* Debug */ = {
			isa = XCBuildConfiguration;
			buildSettings = {
				ALWAYS_SEARCH_USER_PATHS = NO;
				CLANG_CXX_LANGUAGE_STANDARD = "gnu++0x";
				CLANG_CXX_LIBRARY = "libc++";
				CLANG_ENABLE_MODULES = YES;
				CLANG_ENABLE_OBJC_ARC = YES;
				CLANG_WARN_BOOL_CONVERSION = YES;
				CLANG_WARN_CONSTANT_CONVERSION = YES;
				CLANG_WARN_DIRECT_OBJC_ISA_USAGE = YES_ERROR;
				CLANG_WARN_EMPTY_BODY = YES;
				CLANG_WARN_ENUM_CONVERSION = YES;
				CLANG_WARN_INT_CONVERSION = YES;
				CLANG_WARN_OBJC_ROOT_CLASS = YES_ERROR;
				CLANG_WARN_UNREACHABLE_CODE = YES;
				CLANG_WARN__DUPLICATE_METHOD_MATCH = YES;
				"CODE_SIGN_IDENTITY[sdk=iphoneos*]" = "iPhone Developer";
				COPY_PHASE_STRIP = NO;
				ENABLE_STRICT_OBJC_MSGSEND = YES;
				GCC_C_LANGUAGE_STANDARD = gnu99;
				GCC_DYNAMIC_NO_PIC = NO;
				GCC_OPTIMIZATION_LEVEL = 0;
				GCC_PREPROCESSOR_DEFINITIONS = (
					"DEBUG=1",
					"$(inherited)",
				);
				GCC_SYMBOLS_PRIVATE_EXTERN = NO;
				GCC_WARN_64_TO_32_BIT_CONVERSION = YES;
				GCC_WARN_ABOUT_RETURN_TYPE = YES_ERROR;
				GCC_WARN_UNDECLARED_SELECTOR = YES;
				GCC_WARN_UNINITIALIZED_AUTOS = YES_AGGRESSIVE;
				GCC_WARN_UNUSED_FUNCTION = YES;
				GCC_WARN_UNUSED_VARIABLE = YES;
				IPHONEOS_DEPLOYMENT_TARGET = 8.1;
				MTL_ENABLE_DEBUG_INFO = YES;
				ONLY_ACTIVE_ARCH = YES;
				SDKROOT = iphoneos;
				SWIFT_OPTIMIZATION_LEVEL = "-Onone";
				TARGETED_DEVICE_FAMILY = "1,2";
			};
			name = Debug;
		};
		BC59E9231A901EA700A3EC4B /* Release */ = {
			isa = XCBuildConfiguration;
			buildSettings = {
				ALWAYS_SEARCH_USER_PATHS = NO;
				CLANG_CXX_LANGUAGE_STANDARD = "gnu++0x";
				CLANG_CXX_LIBRARY = "libc++";
				CLANG_ENABLE_MODULES = YES;
				CLANG_ENABLE_OBJC_ARC = YES;
				CLANG_WARN_BOOL_CONVERSION = YES;
				CLANG_WARN_CONSTANT_CONVERSION = YES;
				CLANG_WARN_DIRECT_OBJC_ISA_USAGE = YES_ERROR;
				CLANG_WARN_EMPTY_BODY = YES;
				CLANG_WARN_ENUM_CONVERSION = YES;
				CLANG_WARN_INT_CONVERSION = YES;
				CLANG_WARN_OBJC_ROOT_CLASS = YES_ERROR;
				CLANG_WARN_UNREACHABLE_CODE = YES;
				CLANG_WARN__DUPLICATE_METHOD_MATCH = YES;
				"CODE_SIGN_IDENTITY[sdk=iphoneos*]" = "iPhone Developer";
				COPY_PHASE_STRIP = YES;
				ENABLE_NS_ASSERTIONS = NO;
				ENABLE_STRICT_OBJC_MSGSEND = YES;
				GCC_C_LANGUAGE_STANDARD = gnu99;
				GCC_WARN_64_TO_32_BIT_CONVERSION = YES;
				GCC_WARN_ABOUT_RETURN_TYPE = YES_ERROR;
				GCC_WARN_UNDECLARED_SELECTOR = YES;
				GCC_WARN_UNINITIALIZED_AUTOS = YES_AGGRESSIVE;
				GCC_WARN_UNUSED_FUNCTION = YES;
				GCC_WARN_UNUSED_VARIABLE = YES;
				IPHONEOS_DEPLOYMENT_TARGET = 8.1;
				MTL_ENABLE_DEBUG_INFO = NO;
				SDKROOT = iphoneos;
				TARGETED_DEVICE_FAMILY = "1,2";
				VALIDATE_PRODUCT = YES;
			};
			name = Release;
		};
		BC59E9251A901EA700A3EC4B /* Debug */ = {
			isa = XCBuildConfiguration;
			buildSettings = {
				ASSETCATALOG_COMPILER_APPICON_NAME = AppIcon;
				INFOPLIST_FILE = Lists/Info.plist;
				LD_RUNPATH_SEARCH_PATHS = "$(inherited) @executable_path/Frameworks";
				PRODUCT_NAME = "$(TARGET_NAME)";
			};
			name = Debug;
		};
		BC59E9261A901EA700A3EC4B /* Release */ = {
			isa = XCBuildConfiguration;
			buildSettings = {
				ASSETCATALOG_COMPILER_APPICON_NAME = AppIcon;
				INFOPLIST_FILE = Lists/Info.plist;
				LD_RUNPATH_SEARCH_PATHS = "$(inherited) @executable_path/Frameworks";
				PRODUCT_NAME = "$(TARGET_NAME)";
			};
			name = Release;
		};
		BC59E9281A901EA700A3EC4B /* Debug */ = {
			isa = XCBuildConfiguration;
			buildSettings = {
				BUNDLE_LOADER = "$(TEST_HOST)";
				FRAMEWORK_SEARCH_PATHS = (
					"$(SDKROOT)/Developer/Library/Frameworks",
					"$(inherited)",
				);
				GCC_PREPROCESSOR_DEFINITIONS = (
					"DEBUG=1",
					"$(inherited)",
				);
				INFOPLIST_FILE = ListsTests/Info.plist;
				LD_RUNPATH_SEARCH_PATHS = "$(inherited) @executable_path/Frameworks @loader_path/Frameworks";
				PRODUCT_NAME = "$(TARGET_NAME)";
				TEST_HOST = "$(BUILT_PRODUCTS_DIR)/Lists.app/Lists";
			};
			name = Debug;
		};
		BC59E9291A901EA700A3EC4B /* Release */ = {
			isa = XCBuildConfiguration;
			buildSettings = {
				BUNDLE_LOADER = "$(TEST_HOST)";
				FRAMEWORK_SEARCH_PATHS = (
					"$(SDKROOT)/Developer/Library/Frameworks",
					"$(inherited)",
				);
				INFOPLIST_FILE = ListsTests/Info.plist;
				LD_RUNPATH_SEARCH_PATHS = "$(inherited) @executable_path/Frameworks @loader_path/Frameworks";
				PRODUCT_NAME = "$(TARGET_NAME)";
				TEST_HOST = "$(BUILT_PRODUCTS_DIR)/Lists.app/Lists";
			};
			name = Release;
		};
/* End XCBuildConfiguration section */

/* Begin XCConfigurationList section */
		BC59E9001A901EA700A3EC4B /* Build configuration list for PBXProject "Lists" */ = {
			isa = XCConfigurationList;
			buildConfigurations = (
				BC59E9221A901EA700A3EC4B /* Debug */,
				BC59E9231A901EA700A3EC4B /* Release */,
			);
			defaultConfigurationIsVisible = 0;
			defaultConfigurationName = Release;
		};
		BC59E9241A901EA700A3EC4B /* Build configuration list for PBXNativeTarget "Lists" */ = {
			isa = XCConfigurationList;
			buildConfigurations = (
				BC59E9251A901EA700A3EC4B /* Debug */,
				BC59E9261A901EA700A3EC4B /* Release */,
			);
			defaultConfigurationIsVisible = 0;
			defaultConfigurationName = Release;
		};
		BC59E9271A901EA700A3EC4B /* Build configuration list for PBXNativeTarget "ListsTests" */ = {
			isa = XCConfigurationList;
			buildConfigurations = (
				BC59E9281A901EA700A3EC4B /* Debug */,
				BC59E9291A901EA700A3EC4B /* Release */,
			);
			defaultConfigurationIsVisible = 0;
			defaultConfigurationName = Release;
		};
/* End XCConfigurationList section */
	};
	rootObject = BC59E8FD1A901EA700A3EC4B /* Project object */;
}
