// !$*UTF8*$!
{
	archiveVersion = 1;
	classes = {
	};
	objectVersion = 46;
	objects = {

/* Begin PBXBuildFile section */
		6A3800211A897DE6002D9C90 /* AppDelegate.swift in Sources */ = {isa = PBXBuildFile; fileRef = 6A3800201A897DE6002D9C90 /* AppDelegate.swift */; };
		6A3800371A897DE6002D9C90 /* RGBColorChooserTests.swift in Sources */ = {isa = PBXBuildFile; fileRef = 6A3800361A897DE6002D9C90 /* RGBColorChooserTests.swift */; };
		6A3800431A897FC9002D9C90 /* SubviewManager.swift in Sources */ = {isa = PBXBuildFile; fileRef = 6A3800421A897FC9002D9C90 /* SubviewManager.swift */; };
		6A3800451A898052002D9C90 /* ValueSlider.swift in Sources */ = {isa = PBXBuildFile; fileRef = 6A3800441A898052002D9C90 /* ValueSlider.swift */; };
		6A3800471A89815A002D9C90 /* Default-568h@2x.png in Resources */ = {isa = PBXBuildFile; fileRef = 6A3800461A89815A002D9C90 /* Default-568h@2x.png */; };
		BC59E9361A903BE400A3EC4B /* checkerboard.png in Resources */ = {isa = PBXBuildFile; fileRef = BC59E9381A903BE400A3EC4B /* checkerboard.png */; };
/* End PBXBuildFile section */

/* Begin PBXContainerItemProxy section */
		6A3800311A897DE6002D9C90 /* PBXContainerItemProxy */ = {
			isa = PBXContainerItemProxy;
			containerPortal = 6A3800131A897DE6002D9C90 /* Project object */;
			proxyType = 1;
			remoteGlobalIDString = 6A38001A1A897DE6002D9C90;
			remoteInfo = RGBColorChooser;
		};
/* End PBXContainerItemProxy section */

/* Begin PBXFileReference section */
		6A38001B1A897DE6002D9C90 /* RGBColorChooser.app */ = {isa = PBXFileReference; explicitFileType = wrapper.application; includeInIndex = 0; path = RGBColorChooser.app; sourceTree = BUILT_PRODUCTS_DIR; };
		6A38001F1A897DE6002D9C90 /* Info.plist */ = {isa = PBXFileReference; lastKnownFileType = text.plist.xml; path = Info.plist; sourceTree = "<group>"; };
		6A3800201A897DE6002D9C90 /* AppDelegate.swift */ = {isa = PBXFileReference; lastKnownFileType = sourcecode.swift; path = AppDelegate.swift; sourceTree = "<group>"; };
		6A3800301A897DE6002D9C90 /* RGBColorChooserTests.xctest */ = {isa = PBXFileReference; explicitFileType = wrapper.cfbundle; includeInIndex = 0; path = RGBColorChooserTests.xctest; sourceTree = BUILT_PRODUCTS_DIR; };
		6A3800351A897DE6002D9C90 /* Info.plist */ = {isa = PBXFileReference; lastKnownFileType = text.plist.xml; path = Info.plist; sourceTree = "<group>"; };
		6A3800361A897DE6002D9C90 /* RGBColorChooserTests.swift */ = {isa = PBXFileReference; lastKnownFileType = sourcecode.swift; path = RGBColorChooserTests.swift; sourceTree = "<group>"; };
		6A3800421A897FC9002D9C90 /* SubviewManager.swift */ = {isa = PBXFileReference; fileEncoding = 4; lastKnownFileType = sourcecode.swift; path = SubviewManager.swift; sourceTree = "<group>"; };
		6A3800441A898052002D9C90 /* ValueSlider.swift */ = {isa = PBXFileReference; fileEncoding = 4; lastKnownFileType = sourcecode.swift; path = ValueSlider.swift; sourceTree = "<group>"; };
		6A3800461A89815A002D9C90 /* Default-568h@2x.png */ = {isa = PBXFileReference; lastKnownFileType = image.png; path = "Default-568h@2x.png"; sourceTree = "<group>"; };
		BC59E9371A903BE400A3EC4B /* Base */ = {isa = PBXFileReference; lastKnownFileType = image.png; name = Base; path = Base.lproj/checkerboard.png; sourceTree = "<group>"; };
/* End PBXFileReference section */

/* Begin PBXFrameworksBuildPhase section */
		6A3800181A897DE6002D9C90 /* Frameworks */ = {
			isa = PBXFrameworksBuildPhase;
			buildActionMask = 2147483647;
			files = (
			);
			runOnlyForDeploymentPostprocessing = 0;
		};
		6A38002D1A897DE6002D9C90 /* Frameworks */ = {
			isa = PBXFrameworksBuildPhase;
			buildActionMask = 2147483647;
			files = (
			);
			runOnlyForDeploymentPostprocessing = 0;
		};
/* End PBXFrameworksBuildPhase section */

/* Begin PBXGroup section */
		6A3800121A897DE6002D9C90 = {
			isa = PBXGroup;
			children = (
				6A3800461A89815A002D9C90 /* Default-568h@2x.png */,
				6A38001D1A897DE6002D9C90 /* RGBColorChooser */,
				6A3800331A897DE6002D9C90 /* RGBColorChooserTests */,
				6A38001C1A897DE6002D9C90 /* Products */,
			);
			sourceTree = "<group>";
		};
		6A38001C1A897DE6002D9C90 /* Products */ = {
			isa = PBXGroup;
			children = (
				6A38001B1A897DE6002D9C90 /* RGBColorChooser.app */,
				6A3800301A897DE6002D9C90 /* RGBColorChooserTests.xctest */,
			);
			name = Products;
			sourceTree = "<group>";
		};
		6A38001D1A897DE6002D9C90 /* RGBColorChooser */ = {
			isa = PBXGroup;
			children = (
				BC59E9381A903BE400A3EC4B /* checkerboard.png */,
				6A3800201A897DE6002D9C90 /* AppDelegate.swift */,
				6A38001E1A897DE6002D9C90 /* Supporting Files */,
				6A3800421A897FC9002D9C90 /* SubviewManager.swift */,
				6A3800441A898052002D9C90 /* ValueSlider.swift */,
			);
			path = RGBColorChooser;
			sourceTree = "<group>";
		};
		6A38001E1A897DE6002D9C90 /* Supporting Files */ = {
			isa = PBXGroup;
			children = (
				6A38001F1A897DE6002D9C90 /* Info.plist */,
			);
			name = "Supporting Files";
			sourceTree = "<group>";
		};
		6A3800331A897DE6002D9C90 /* RGBColorChooserTests */ = {
			isa = PBXGroup;
			children = (
				6A3800361A897DE6002D9C90 /* RGBColorChooserTests.swift */,
				6A3800341A897DE6002D9C90 /* Supporting Files */,
			);
			path = RGBColorChooserTests;
			sourceTree = "<group>";
		};
		6A3800341A897DE6002D9C90 /* Supporting Files */ = {
			isa = PBXGroup;
			children = (
				6A3800351A897DE6002D9C90 /* Info.plist */,
			);
			name = "Supporting Files";
			sourceTree = "<group>";
		};
/* End PBXGroup section */

/* Begin PBXNativeTarget section */
		6A38001A1A897DE6002D9C90 /* RGBColorChooser */ = {
			isa = PBXNativeTarget;
			buildConfigurationList = 6A38003A1A897DE6002D9C90 /* Build configuration list for PBXNativeTarget "RGBColorChooser" */;
			buildPhases = (
				6A3800171A897DE6002D9C90 /* Sources */,
				6A3800181A897DE6002D9C90 /* Frameworks */,
				6A3800191A897DE6002D9C90 /* Resources */,
			);
			buildRules = (
			);
			dependencies = (
			);
			name = RGBColorChooser;
			productName = RGBColorChooser;
			productReference = 6A38001B1A897DE6002D9C90 /* RGBColorChooser.app */;
			productType = "com.apple.product-type.application";
		};
		6A38002F1A897DE6002D9C90 /* RGBColorChooserTests */ = {
			isa = PBXNativeTarget;
			buildConfigurationList = 6A38003D1A897DE6002D9C90 /* Build configuration list for PBXNativeTarget "RGBColorChooserTests" */;
			buildPhases = (
				6A38002C1A897DE6002D9C90 /* Sources */,
				6A38002D1A897DE6002D9C90 /* Frameworks */,
				6A38002E1A897DE6002D9C90 /* Resources */,
			);
			buildRules = (
			);
			dependencies = (
				6A3800321A897DE6002D9C90 /* PBXTargetDependency */,
			);
			name = RGBColorChooserTests;
			productName = RGBColorChooserTests;
			productReference = 6A3800301A897DE6002D9C90 /* RGBColorChooserTests.xctest */;
			productType = "com.apple.product-type.bundle.unit-test";
		};
/* End PBXNativeTarget section */

/* Begin PBXProject section */
		6A3800131A897DE6002D9C90 /* Project object */ = {
			isa = PBXProject;
			attributes = {
				LastUpgradeCheck = 0610;
				ORGANIZATIONNAME = u0658884;
				TargetAttributes = {
					6A38001A1A897DE6002D9C90 = {
						CreatedOnToolsVersion = 6.1.1;
					};
					6A38002F1A897DE6002D9C90 = {
						CreatedOnToolsVersion = 6.1.1;
						TestTargetID = 6A38001A1A897DE6002D9C90;
					};
				};
			};
			buildConfigurationList = 6A3800161A897DE6002D9C90 /* Build configuration list for PBXProject "RGBColorChooser" */;
			compatibilityVersion = "Xcode 3.2";
			developmentRegion = English;
			hasScannedForEncodings = 0;
			knownRegions = (
				en,
				Base,
			);
			mainGroup = 6A3800121A897DE6002D9C90;
			productRefGroup = 6A38001C1A897DE6002D9C90 /* Products */;
			projectDirPath = "";
			projectRoot = "";
			targets = (
				6A38001A1A897DE6002D9C90 /* RGBColorChooser */,
				6A38002F1A897DE6002D9C90 /* RGBColorChooserTests */,
			);
		};
/* End PBXProject section */

/* Begin PBXResourcesBuildPhase section */
		6A3800191A897DE6002D9C90 /* Resources */ = {
			isa = PBXResourcesBuildPhase;
			buildActionMask = 2147483647;
			files = (
				BC59E9361A903BE400A3EC4B /* checkerboard.png in Resources */,
				6A3800471A89815A002D9C90 /* Default-568h@2x.png in Resources */,
			);
			runOnlyForDeploymentPostprocessing = 0;
		};
		6A38002E1A897DE6002D9C90 /* Resources */ = {
			isa = PBXResourcesBuildPhase;
			buildActionMask = 2147483647;
			files = (
			);
			runOnlyForDeploymentPostprocessing = 0;
		};
/* End PBXResourcesBuildPhase section */

/* Begin PBXSourcesBuildPhase section */
		6A3800171A897DE6002D9C90 /* Sources */ = {
			isa = PBXSourcesBuildPhase;
			buildActionMask = 2147483647;
			files = (
				6A3800211A897DE6002D9C90 /* AppDelegate.swift in Sources */,
				6A3800431A897FC9002D9C90 /* SubviewManager.swift in Sources */,
				6A3800451A898052002D9C90 /* ValueSlider.swift in Sources */,
			);
			runOnlyForDeploymentPostprocessing = 0;
		};
		6A38002C1A897DE6002D9C90 /* Sources */ = {
			isa = PBXSourcesBuildPhase;
			buildActionMask = 2147483647;
			files = (
				6A3800371A897DE6002D9C90 /* RGBColorChooserTests.swift in Sources */,
			);
			runOnlyForDeploymentPostprocessing = 0;
		};
/* End PBXSourcesBuildPhase section */

/* Begin PBXTargetDependency section */
		6A3800321A897DE6002D9C90 /* PBXTargetDependency */ = {
			isa = PBXTargetDependency;
			target = 6A38001A1A897DE6002D9C90 /* RGBColorChooser */;
			targetProxy = 6A3800311A897DE6002D9C90 /* PBXContainerItemProxy */;
		};
/* End PBXTargetDependency section */

/* Begin PBXVariantGroup section */
		BC59E9381A903BE400A3EC4B /* checkerboard.png */ = {
			isa = PBXVariantGroup;
			children = (
				BC59E9371A903BE400A3EC4B /* Base */,
			);
			name = checkerboard.png;
			sourceTree = "<group>";
		};
/* End PBXVariantGroup section */

/* Begin XCBuildConfiguration section */
		6A3800381A897DE6002D9C90 /* Debug */ = {
			isa = XCBuildConfiguration;
			buildSettings = {
				ALWAYS_SEARCH_USER_PATHS = NO;
				CLANG_CXX_LANGUAGE_STANDARD = "gnu++0x";
				CLANG_CXX_LIBRARY = "libc++";
				CLANG_ENABLE_MODULES = YES;
				CLANG_ENABLE_OBJC_ARC = YES;
				CLANG_WARN_BOOL_CONVERSION = YES;
				CLANG_WARN_CONSTANT_CONVERSION = YES;
				CLANG_WARN_DIRECT_OBJC_ISA_USAGE = YES_ERROR;
				CLANG_WARN_EMPTY_BODY = YES;
				CLANG_WARN_ENUM_CONVERSION = YES;
				CLANG_WARN_INT_CONVERSION = YES;
				CLANG_WARN_OBJC_ROOT_CLASS = YES_ERROR;
				CLANG_WARN_UNREACHABLE_CODE = YES;
				CLANG_WARN__DUPLICATE_METHOD_MATCH = YES;
				"CODE_SIGN_IDENTITY[sdk=iphoneos*]" = "iPhone Developer";
				COPY_PHASE_STRIP = NO;
				ENABLE_STRICT_OBJC_MSGSEND = YES;
				GCC_C_LANGUAGE_STANDARD = gnu99;
				GCC_DYNAMIC_NO_PIC = NO;
				GCC_OPTIMIZATION_LEVEL = 0;
				GCC_PREPROCESSOR_DEFINITIONS = (
					"DEBUG=1",
					"$(inherited)",
				);
				GCC_SYMBOLS_PRIVATE_EXTERN = NO;
				GCC_WARN_64_TO_32_BIT_CONVERSION = YES;
				GCC_WARN_ABOUT_RETURN_TYPE = YES_ERROR;
				GCC_WARN_UNDECLARED_SELECTOR = YES;
				GCC_WARN_UNINITIALIZED_AUTOS = YES_AGGRESSIVE;
				GCC_WARN_UNUSED_FUNCTION = YES;
				GCC_WARN_UNUSED_VARIABLE = YES;
				IPHONEOS_DEPLOYMENT_TARGET = 8.1;
				MTL_ENABLE_DEBUG_INFO = YES;
				ONLY_ACTIVE_ARCH = YES;
				SDKROOT = iphoneos;
				SWIFT_OPTIMIZATION_LEVEL = "-Onone";
				TARGETED_DEVICE_FAMILY = "1,2";
			};
			name = Debug;
		};
		6A3800391A897DE6002D9C90 /* Release */ = {
			isa = XCBuildConfiguration;
			buildSettings = {
				ALWAYS_SEARCH_USER_PATHS = NO;
				CLANG_CXX_LANGUAGE_STANDARD = "gnu++0x";
				CLANG_CXX_LIBRARY = "libc++";
				CLANG_ENABLE_MODULES = YES;
				CLANG_ENABLE_OBJC_ARC = YES;
				CLANG_WARN_BOOL_CONVERSION = YES;
				CLANG_WARN_CONSTANT_CONVERSION = YES;
				CLANG_WARN_DIRECT_OBJC_ISA_USAGE = YES_ERROR;
				CLANG_WARN_EMPTY_BODY = YES;
				CLANG_WARN_ENUM_CONVERSION = YES;
				CLANG_WARN_INT_CONVERSION = YES;
				CLANG_WARN_OBJC_ROOT_CLASS = YES_ERROR;
				CLANG_WARN_UNREACHABLE_CODE = YES;
				CLANG_WARN__DUPLICATE_METHOD_MATCH = YES;
				"CODE_SIGN_IDENTITY[sdk=iphoneos*]" = "iPhone Developer";
				COPY_PHASE_STRIP = YES;
				ENABLE_NS_ASSERTIONS = NO;
				ENABLE_STRICT_OBJC_MSGSEND = YES;
				GCC_C_LANGUAGE_STANDARD = gnu99;
				GCC_WARN_64_TO_32_BIT_CONVERSION = YES;
				GCC_WARN_ABOUT_RETURN_TYPE = YES_ERROR;
				GCC_WARN_UNDECLARED_SELECTOR = YES;
				GCC_WARN_UNINITIALIZED_AUTOS = YES_AGGRESSIVE;
				GCC_WARN_UNUSED_FUNCTION = YES;
				GCC_WARN_UNUSED_VARIABLE = YES;
				IPHONEOS_DEPLOYMENT_TARGET = 8.1;
				MTL_ENABLE_DEBUG_INFO = NO;
				SDKROOT = iphoneos;
				TARGETED_DEVICE_FAMILY = "1,2";
				VALIDATE_PRODUCT = YES;
			};
			name = Release;
		};
		6A38003B1A897DE6002D9C90 /* Debug */ = {
			isa = XCBuildConfiguration;
			buildSettings = {
				ASSETCATALOG_COMPILER_APPICON_NAME = AppIcon;
				INFOPLIST_FILE = RGBColorChooser/Info.plist;
				LD_RUNPATH_SEARCH_PATHS = "$(inherited) @executable_path/Frameworks";
				PRODUCT_NAME = "$(TARGET_NAME)";
			};
			name = Debug;
		};
		6A38003C1A897DE6002D9C90 /* Release */ = {
			isa = XCBuildConfiguration;
			buildSettings = {
				ASSETCATALOG_COMPILER_APPICON_NAME = AppIcon;
				INFOPLIST_FILE = RGBColorChooser/Info.plist;
				LD_RUNPATH_SEARCH_PATHS = "$(inherited) @executable_path/Frameworks";
				PRODUCT_NAME = "$(TARGET_NAME)";
			};
			name = Release;
		};
		6A38003E1A897DE6002D9C90 /* Debug */ = {
			isa = XCBuildConfiguration;
			buildSettings = {
				BUNDLE_LOADER = "$(TEST_HOST)";
				FRAMEWORK_SEARCH_PATHS = (
					"$(SDKROOT)/Developer/Library/Frameworks",
					"$(inherited)",
				);
				GCC_PREPROCESSOR_DEFINITIONS = (
					"DEBUG=1",
					"$(inherited)",
				);
				INFOPLIST_FILE = RGBColorChooserTests/Info.plist;
				LD_RUNPATH_SEARCH_PATHS = "$(inherited) @executable_path/Frameworks @loader_path/Frameworks";
				PRODUCT_NAME = "$(TARGET_NAME)";
				TEST_HOST = "$(BUILT_PRODUCTS_DIR)/RGBColorChooser.app/RGBColorChooser";
			};
			name = Debug;
		};
		6A38003F1A897DE6002D9C90 /* Release */ = {
			isa = XCBuildConfiguration;
			buildSettings = {
				BUNDLE_LOADER = "$(TEST_HOST)";
				FRAMEWORK_SEARCH_PATHS = (
					"$(SDKROOT)/Developer/Library/Frameworks",
					"$(inherited)",
				);
				INFOPLIST_FILE = RGBColorChooserTests/Info.plist;
				LD_RUNPATH_SEARCH_PATHS = "$(inherited) @executable_path/Frameworks @loader_path/Frameworks";
				PRODUCT_NAME = "$(TARGET_NAME)";
				TEST_HOST = "$(BUILT_PRODUCTS_DIR)/RGBColorChooser.app/RGBColorChooser";
			};
			name = Release;
		};
/* End XCBuildConfiguration section */

/* Begin XCConfigurationList section */
		6A3800161A897DE6002D9C90 /* Build configuration list for PBXProject "RGBColorChooser" */ = {
			isa = XCConfigurationList;
			buildConfigurations = (
				6A3800381A897DE6002D9C90 /* Debug */,
				6A3800391A897DE6002D9C90 /* Release */,
			);
			defaultConfigurationIsVisible = 0;
			defaultConfigurationName = Release;
		};
		6A38003A1A897DE6002D9C90 /* Build configuration list for PBXNativeTarget "RGBColorChooser" */ = {
			isa = XCConfigurationList;
			buildConfigurations = (
				6A38003B1A897DE6002D9C90 /* Debug */,
				6A38003C1A897DE6002D9C90 /* Release */,
			);
			defaultConfigurationIsVisible = 0;
			defaultConfigurationName = Release;
		};
		6A38003D1A897DE6002D9C90 /* Build configuration list for PBXNativeTarget "RGBColorChooserTests" */ = {
			isa = XCConfigurationList;
			buildConfigurations = (
				6A38003E1A897DE6002D9C90 /* Debug */,
				6A38003F1A897DE6002D9C90 /* Release */,
			);
			defaultConfigurationIsVisible = 0;
			defaultConfigurationName = Release;
		};
/* End XCConfigurationList section */
	};
	rootObject = 6A3800131A897DE6002D9C90 /* Project object */;
}
